// !$*UTF8*$!
{
	archiveVersion = 1;
	classes = {
	};
	objectVersion = 50;
	objects = {

/* Begin PBXBuildFile section */
		B168EA1A26BBDB7300365DCC /* secondViewController.swift in Sources */ = {isa = PBXBuildFile; fileRef = B168EA1926BBDB7300365DCC /* secondViewController.swift */; };
		B1EE431426BA6371006A0A82 /* AppDelegate.swift in Sources */ = {isa = PBXBuildFile; fileRef = B1EE431326BA6371006A0A82 /* AppDelegate.swift */; };
		B1EE431626BA6371006A0A82 /* SceneDelegate.swift in Sources */ = {isa = PBXBuildFile; fileRef = B1EE431526BA6371006A0A82 /* SceneDelegate.swift */; };
		B1EE431826BA6371006A0A82 /* ViewController.swift in Sources */ = {isa = PBXBuildFile; fileRef = B1EE431726BA6371006A0A82 /* ViewController.swift */; };
		B1EE431B26BA6371006A0A82 /* Main.storyboard in Resources */ = {isa = PBXBuildFile; fileRef = B1EE431926BA6371006A0A82 /* Main.storyboard */; };
		B1EE431D26BA6372006A0A82 /* Assets.xcassets in Resources */ = {isa = PBXBuildFile; fileRef = B1EE431C26BA6372006A0A82 /* Assets.xcassets */; };
		B1EE432026BA6372006A0A82 /* LaunchScreen.storyboard in Resources */ = {isa = PBXBuildFile; fileRef = B1EE431E26BA6372006A0A82 /* LaunchScreen.storyboard */; };
		B1EE432B26BA6372006A0A82 /* HelloWorldTests.swift in Sources */ = {isa = PBXBuildFile; fileRef = B1EE432A26BA6372006A0A82 /* HelloWorldTests.swift */; };
		B1EE433626BA6372006A0A82 /* HelloWorldUITests.swift in Sources */ = {isa = PBXBuildFile; fileRef = B1EE433526BA6372006A0A82 /* HelloWorldUITests.swift */; };
		B1EE434426BA7DEF006A0A82 /* LaunchScreen2.storyboard in Resources */ = {isa = PBXBuildFile; fileRef = B1EE434326BA7DEF006A0A82 /* LaunchScreen2.storyboard */; };
/* End PBXBuildFile section */

/* Begin PBXContainerItemProxy section */
		B1EE432726BA6372006A0A82 /* PBXContainerItemProxy */ = {
			isa = PBXContainerItemProxy;
			containerPortal = B1EE430826BA6371006A0A82 /* Project object */;
			proxyType = 1;
			remoteGlobalIDString = B1EE430F26BA6371006A0A82;
			remoteInfo = HelloWorld;
		};
		B1EE433226BA6372006A0A82 /* PBXContainerItemProxy */ = {
			isa = PBXContainerItemProxy;
			containerPortal = B1EE430826BA6371006A0A82 /* Project object */;
			proxyType = 1;
			remoteGlobalIDString = B1EE430F26BA6371006A0A82;
			remoteInfo = HelloWorld;
		};
/* End PBXContainerItemProxy section */

/* Begin PBXFileReference section */
		B168EA1926BBDB7300365DCC /* secondViewController.swift */ = {isa = PBXFileReference; lastKnownFileType = sourcecode.swift; path = secondViewController.swift; sourceTree = "<group>"; };
		B1EE431026BA6371006A0A82 /* HelloWorld.app */ = {isa = PBXFileReference; explicitFileType = wrapper.application; includeInIndex = 0; path = HelloWorld.app; sourceTree = BUILT_PRODUCTS_DIR; };
		B1EE431326BA6371006A0A82 /* AppDelegate.swift */ = {isa = PBXFileReference; lastKnownFileType = sourcecode.swift; path = AppDelegate.swift; sourceTree = "<group>"; };
		B1EE431526BA6371006A0A82 /* SceneDelegate.swift */ = {isa = PBXFileReference; lastKnownFileType = sourcecode.swift; path = SceneDelegate.swift; sourceTree = "<group>"; };
		B1EE431726BA6371006A0A82 /* ViewController.swift */ = {isa = PBXFileReference; lastKnownFileType = sourcecode.swift; path = ViewController.swift; sourceTree = "<group>"; };
		B1EE431A26BA6371006A0A82 /* Base */ = {isa = PBXFileReference; lastKnownFileType = file.storyboard; name = Base; path = Base.lproj/Main.storyboard; sourceTree = "<group>"; };
		B1EE431C26BA6372006A0A82 /* Assets.xcassets */ = {isa = PBXFileReference; lastKnownFileType = folder.assetcatalog; path = Assets.xcassets; sourceTree = "<group>"; };
		B1EE431F26BA6372006A0A82 /* Base */ = {isa = PBXFileReference; lastKnownFileType = file.storyboard; name = Base; path = Base.lproj/LaunchScreen.storyboard; sourceTree = "<group>"; };
		B1EE432126BA6372006A0A82 /* Info.plist */ = {isa = PBXFileReference; lastKnownFileType = text.plist.xml; path = Info.plist; sourceTree = "<group>"; };
		B1EE432626BA6372006A0A82 /* HelloWorldTests.xctest */ = {isa = PBXFileReference; explicitFileType = wrapper.cfbundle; includeInIndex = 0; path = HelloWorldTests.xctest; sourceTree = BUILT_PRODUCTS_DIR; };
		B1EE432A26BA6372006A0A82 /* HelloWorldTests.swift */ = {isa = PBXFileReference; lastKnownFileType = sourcecode.swift; path = HelloWorldTests.swift; sourceTree = "<group>"; };
		B1EE432C26BA6372006A0A82 /* Info.plist */ = {isa = PBXFileReference; lastKnownFileType = text.plist.xml; path = Info.plist; sourceTree = "<group>"; };
		B1EE433126BA6372006A0A82 /* HelloWorldUITests.xctest */ = {isa = PBXFileReference; explicitFileType = wrapper.cfbundle; includeInIndex = 0; path = HelloWorldUITests.xctest; sourceTree = BUILT_PRODUCTS_DIR; };
		B1EE433526BA6372006A0A82 /* HelloWorldUITests.swift */ = {isa = PBXFileReference; lastKnownFileType = sourcecode.swift; path = HelloWorldUITests.swift; sourceTree = "<group>"; };
		B1EE433726BA6372006A0A82 /* Info.plist */ = {isa = PBXFileReference; lastKnownFileType = text.plist.xml; path = Info.plist; sourceTree = "<group>"; };
		B1EE434326BA7DEF006A0A82 /* LaunchScreen2.storyboard */ = {isa = PBXFileReference; lastKnownFileType = file.storyboard; path = LaunchScreen2.storyboard; sourceTree = "<group>"; };
/* End PBXFileReference section */

/* Begin PBXFrameworksBuildPhase section */
		B1EE430D26BA6371006A0A82 /* Frameworks */ = {
			isa = PBXFrameworksBuildPhase;
			buildActionMask = 2147483647;
			files = (
			);
			runOnlyForDeploymentPostprocessing = 0;
		};
		B1EE432326BA6372006A0A82 /* Frameworks */ = {
			isa = PBXFrameworksBuildPhase;
			buildActionMask = 2147483647;
			files = (
			);
			runOnlyForDeploymentPostprocessing = 0;
		};
		B1EE432E26BA6372006A0A82 /* Frameworks */ = {
			isa = PBXFrameworksBuildPhase;
			buildActionMask = 2147483647;
			files = (
			);
			runOnlyForDeploymentPostprocessing = 0;
		};
/* End PBXFrameworksBuildPhase section */

/* Begin PBXGroup section */
		B1EE430726BA6371006A0A82 = {
			isa = PBXGroup;
			children = (
				B1EE431226BA6371006A0A82 /* HelloWorld */,
				B1EE432926BA6372006A0A82 /* HelloWorldTests */,
				B1EE433426BA6372006A0A82 /* HelloWorldUITests */,
				B1EE431126BA6371006A0A82 /* Products */,
			);
			sourceTree = "<group>";
		};
		B1EE431126BA6371006A0A82 /* Products */ = {
			isa = PBXGroup;
			children = (
				B1EE431026BA6371006A0A82 /* HelloWorld.app */,
				B1EE432626BA6372006A0A82 /* HelloWorldTests.xctest */,
				B1EE433126BA6372006A0A82 /* HelloWorldUITests.xctest */,
			);
			name = Products;
			sourceTree = "<group>";
		};
		B1EE431226BA6371006A0A82 /* HelloWorld */ = {
			isa = PBXGroup;
			children = (
				B1EE431326BA6371006A0A82 /* AppDelegate.swift */,
				B1EE431526BA6371006A0A82 /* SceneDelegate.swift */,
				B1EE431726BA6371006A0A82 /* ViewController.swift */,
				B1EE431926BA6371006A0A82 /* Main.storyboard */,
				B168EA1926BBDB7300365DCC /* secondViewController.swift */,
				B1EE431C26BA6372006A0A82 /* Assets.xcassets */,
				B1EE431E26BA6372006A0A82 /* LaunchScreen.storyboard */,
				B1EE432126BA6372006A0A82 /* Info.plist */,
				B1EE434326BA7DEF006A0A82 /* LaunchScreen2.storyboard */,
			);
			path = HelloWorld;
			sourceTree = "<group>";
		};
		B1EE432926BA6372006A0A82 /* HelloWorldTests */ = {
			isa = PBXGroup;
			children = (
				B1EE432A26BA6372006A0A82 /* HelloWorldTests.swift */,
				B1EE432C26BA6372006A0A82 /* Info.plist */,
			);
			path = HelloWorldTests;
			sourceTree = "<group>";
		};
		B1EE433426BA6372006A0A82 /* HelloWorldUITests */ = {
			isa = PBXGroup;
			children = (
				B1EE433526BA6372006A0A82 /* HelloWorldUITests.swift */,
				B1EE433726BA6372006A0A82 /* Info.plist */,
			);
			path = HelloWorldUITests;
			sourceTree = "<group>";
		};
/* End PBXGroup section */

/* Begin PBXNativeTarget section */
		B1EE430F26BA6371006A0A82 /* HelloWorld */ = {
			isa = PBXNativeTarget;
			buildConfigurationList = B1EE433A26BA6372006A0A82 /* Build configuration list for PBXNativeTarget "HelloWorld" */;
			buildPhases = (
				B1EE430C26BA6371006A0A82 /* Sources */,
				B1EE430D26BA6371006A0A82 /* Frameworks */,
				B1EE430E26BA6371006A0A82 /* Resources */,
			);
			buildRules = (
			);
			dependencies = (
			);
			name = HelloWorld;
			productName = HelloWorld;
			productReference = B1EE431026BA6371006A0A82 /* HelloWorld.app */;
			productType = "com.apple.product-type.application";
		};
		B1EE432526BA6372006A0A82 /* HelloWorldTests */ = {
			isa = PBXNativeTarget;
			buildConfigurationList = B1EE433D26BA6372006A0A82 /* Build configuration list for PBXNativeTarget "HelloWorldTests" */;
			buildPhases = (
				B1EE432226BA6372006A0A82 /* Sources */,
				B1EE432326BA6372006A0A82 /* Frameworks */,
				B1EE432426BA6372006A0A82 /* Resources */,
			);
			buildRules = (
			);
			dependencies = (
				B1EE432826BA6372006A0A82 /* PBXTargetDependency */,
			);
			name = HelloWorldTests;
			productName = HelloWorldTests;
			productReference = B1EE432626BA6372006A0A82 /* HelloWorldTests.xctest */;
			productType = "com.apple.product-type.bundle.unit-test";
		};
		B1EE433026BA6372006A0A82 /* HelloWorldUITests */ = {
			isa = PBXNativeTarget;
			buildConfigurationList = B1EE434026BA6372006A0A82 /* Build configuration list for PBXNativeTarget "HelloWorldUITests" */;
			buildPhases = (
				B1EE432D26BA6372006A0A82 /* Sources */,
				B1EE432E26BA6372006A0A82 /* Frameworks */,
				B1EE432F26BA6372006A0A82 /* Resources */,
			);
			buildRules = (
			);
			dependencies = (
				B1EE433326BA6372006A0A82 /* PBXTargetDependency */,
			);
			name = HelloWorldUITests;
			productName = HelloWorldUITests;
			productReference = B1EE433126BA6372006A0A82 /* HelloWorldUITests.xctest */;
			productType = "com.apple.product-type.bundle.ui-testing";
		};
/* End PBXNativeTarget section */

/* Begin PBXProject section */
		B1EE430826BA6371006A0A82 /* Project object */ = {
			isa = PBXProject;
			attributes = {
				LastSwiftUpdateCheck = 1250;
				LastUpgradeCheck = 1250;
				TargetAttributes = {
					B1EE430F26BA6371006A0A82 = {
						CreatedOnToolsVersion = 12.5.1;
					};
					B1EE432526BA6372006A0A82 = {
						CreatedOnToolsVersion = 12.5.1;
						TestTargetID = B1EE430F26BA6371006A0A82;
					};
					B1EE433026BA6372006A0A82 = {
						CreatedOnToolsVersion = 12.5.1;
						TestTargetID = B1EE430F26BA6371006A0A82;
					};
				};
			};
			buildConfigurationList = B1EE430B26BA6371006A0A82 /* Build configuration list for PBXProject "HelloWorld" */;
			compatibilityVersion = "Xcode 9.3";
			developmentRegion = en;
			hasScannedForEncodings = 0;
			knownRegions = (
				en,
				Base,
			);
			mainGroup = B1EE430726BA6371006A0A82;
			productRefGroup = B1EE431126BA6371006A0A82 /* Products */;
			projectDirPath = "";
			projectRoot = "";
			targets = (
				B1EE430F26BA6371006A0A82 /* HelloWorld */,
				B1EE432526BA6372006A0A82 /* HelloWorldTests */,
				B1EE433026BA6372006A0A82 /* HelloWorldUITests */,
			);
		};
/* End PBXProject section */

/* Begin PBXResourcesBuildPhase section */
		B1EE430E26BA6371006A0A82 /* Resources */ = {
			isa = PBXResourcesBuildPhase;
			buildActionMask = 2147483647;
			files = (
				B1EE434426BA7DEF006A0A82 /* LaunchScreen2.storyboard in Resources */,
				B1EE432026BA6372006A0A82 /* LaunchScreen.storyboard in Resources */,
				B1EE431D26BA6372006A0A82 /* Assets.xcassets in Resources */,
				B1EE431B26BA6371006A0A82 /* Main.storyboard in Resources */,
			);
			runOnlyForDeploymentPostprocessing = 0;
		};
		B1EE432426BA6372006A0A82 /* Resources */ = {
			isa = PBXResourcesBuildPhase;
			buildActionMask = 2147483647;
			files = (
			);
			runOnlyForDeploymentPostprocessing = 0;
		};
		B1EE432F26BA6372006A0A82 /* Resources */ = {
			isa = PBXResourcesBuildPhase;
			buildActionMask = 2147483647;
			files = (
			);
			runOnlyForDeploymentPostprocessing = 0;
		};
/* End PBXResourcesBuildPhase section */

/* Begin PBXSourcesBuildPhase section */
		B1EE430C26BA6371006A0A82 /* Sources */ = {
			isa = PBXSourcesBuildPhase;
			buildActionMask = 2147483647;
			files = (
				B168EA1A26BBDB7300365DCC /* secondViewController.swift in Sources */,
				B1EE431826BA6371006A0A82 /* ViewController.swift in Sources */,
				B1EE431426BA6371006A0A82 /* AppDelegate.swift in Sources */,
				B1EE431626BA6371006A0A82 /* SceneDelegate.swift in Sources */,
			);
			runOnlyForDeploymentPostprocessing = 0;
		};
		B1EE432226BA6372006A0A82 /* Sources */ = {
			isa = PBXSourcesBuildPhase;
			buildActionMask = 2147483647;
			files = (
				B1EE432B26BA6372006A0A82 /* HelloWorldTests.swift in Sources */,
			);
			runOnlyForDeploymentPostprocessing = 0;
		};
		B1EE432D26BA6372006A0A82 /* Sources */ = {
			isa = PBXSourcesBuildPhase;
			buildActionMask = 2147483647;
			files = (
				B1EE433626BA6372006A0A82 /* HelloWorldUITests.swift in Sources */,
			);
			runOnlyForDeploymentPostprocessing = 0;
		};
/* End PBXSourcesBuildPhase section */

/* Begin PBXTargetDependency section */
		B1EE432826BA6372006A0A82 /* PBXTargetDependency */ = {
			isa = PBXTargetDependency;
			target = B1EE430F26BA6371006A0A82 /* HelloWorld */;
			targetProxy = B1EE432726BA6372006A0A82 /* PBXContainerItemProxy */;
		};
		B1EE433326BA6372006A0A82 /* PBXTargetDependency */ = {
			isa = PBXTargetDependency;
			target = B1EE430F26BA6371006A0A82 /* HelloWorld */;
			targetProxy = B1EE433226BA6372006A0A82 /* PBXContainerItemProxy */;
		};
/* End PBXTargetDependency section */

/* Begin PBXVariantGroup section */
		B1EE431926BA6371006A0A82 /* Main.storyboard */ = {
			isa = PBXVariantGroup;
			children = (
				B1EE431A26BA6371006A0A82 /* Base */,
			);
			name = Main.storyboard;
			sourceTree = "<group>";
		};
		B1EE431E26BA6372006A0A82 /* LaunchScreen.storyboard */ = {
			isa = PBXVariantGroup;
			children = (
				B1EE431F26BA6372006A0A82 /* Base */,
			);
			name = LaunchScreen.storyboard;
			sourceTree = "<group>";
		};
/* End PBXVariantGroup section */

/* Begin XCBuildConfiguration section */
		B1EE433826BA6372006A0A82 /* Debug */ = {
			isa = XCBuildConfiguration;
			buildSettings = {
				ALWAYS_SEARCH_USER_PATHS = NO;
				CLANG_ANALYZER_NONNULL = YES;
				CLANG_ANALYZER_NUMBER_OBJECT_CONVERSION = YES_AGGRESSIVE;
				CLANG_CXX_LANGUAGE_STANDARD = "gnu++14";
				CLANG_CXX_LIBRARY = "libc++";
				CLANG_ENABLE_MODULES = YES;
				CLANG_ENABLE_OBJC_ARC = YES;
				CLANG_ENABLE_OBJC_WEAK = YES;
				CLANG_WARN_BLOCK_CAPTURE_AUTORELEASING = YES;
				CLANG_WARN_BOOL_CONVERSION = YES;
				CLANG_WARN_COMMA = YES;
				CLANG_WARN_CONSTANT_CONVERSION = YES;
				CLANG_WARN_DEPRECATED_OBJC_IMPLEMENTATIONS = YES;
				CLANG_WARN_DIRECT_OBJC_ISA_USAGE = YES_ERROR;
				CLANG_WARN_DOCUMENTATION_COMMENTS = YES;
				CLANG_WARN_EMPTY_BODY = YES;
				CLANG_WARN_ENUM_CONVERSION = YES;
				CLANG_WARN_INFINITE_RECURSION = YES;
				CLANG_WARN_INT_CONVERSION = YES;
				CLANG_WARN_NON_LITERAL_NULL_CONVERSION = YES;
				CLANG_WARN_OBJC_IMPLICIT_RETAIN_SELF = YES;
				CLANG_WARN_OBJC_LITERAL_CONVERSION = YES;
				CLANG_WARN_OBJC_ROOT_CLASS = YES_ERROR;
				CLANG_WARN_QUOTED_INCLUDE_IN_FRAMEWORK_HEADER = YES;
				CLANG_WARN_RANGE_LOOP_ANALYSIS = YES;
				CLANG_WARN_STRICT_PROTOTYPES = YES;
				CLANG_WARN_SUSPICIOUS_MOVE = YES;
				CLANG_WARN_UNGUARDED_AVAILABILITY = YES_AGGRESSIVE;
				CLANG_WARN_UNREACHABLE_CODE = YES;
				CLANG_WARN__DUPLICATE_METHOD_MATCH = YES;
				COPY_PHASE_STRIP = NO;
				DEBUG_INFORMATION_FORMAT = dwarf;
				ENABLE_STRICT_OBJC_MSGSEND = YES;
				ENABLE_TESTABILITY = YES;
				GCC_C_LANGUAGE_STANDARD = gnu11;
				GCC_DYNAMIC_NO_PIC = NO;
				GCC_NO_COMMON_BLOCKS = YES;
				GCC_OPTIMIZATION_LEVEL = 0;
				GCC_PREPROCESSOR_DEFINITIONS = (
					"DEBUG=1",
					"$(inherited)",
				);
				GCC_WARN_64_TO_32_BIT_CONVERSION = YES;
				GCC_WARN_ABOUT_RETURN_TYPE = YES_ERROR;
				GCC_WARN_UNDECLARED_SELECTOR = YES;
				GCC_WARN_UNINITIALIZED_AUTOS = YES_AGGRESSIVE;
				GCC_WARN_UNUSED_FUNCTION = YES;
				GCC_WARN_UNUSED_VARIABLE = YES;
				IPHONEOS_DEPLOYMENT_TARGET = 14.5;
				MTL_ENABLE_DEBUG_INFO = INCLUDE_SOURCE;
				MTL_FAST_MATH = YES;
				ONLY_ACTIVE_ARCH = YES;
				SDKROOT = iphoneos;
				SWIFT_ACTIVE_COMPILATION_CONDITIONS = DEBUG;
				SWIFT_OPTIMIZATION_LEVEL = "-Onone";
			};
			name = Debug;
		};
		B1EE433926BA6372006A0A82 /* Release */ = {
			isa = XCBuildConfiguration;
			buildSettings = {
				ALWAYS_SEARCH_USER_PATHS = NO;
				CLANG_ANALYZER_NONNULL = YES;
				CLANG_ANALYZER_NUMBER_OBJECT_CONVERSION = YES_AGGRESSIVE;
				CLANG_CXX_LANGUAGE_STANDARD = "gnu++14";
				CLANG_CXX_LIBRARY = "libc++";
				CLANG_ENABLE_MODULES = YES;
				CLANG_ENABLE_OBJC_ARC = YES;
				CLANG_ENABLE_OBJC_WEAK = YES;
				CLANG_WARN_BLOCK_CAPTURE_AUTORELEASING = YES;
				CLANG_WARN_BOOL_CONVERSION = YES;
				CLANG_WARN_COMMA = YES;
				CLANG_WARN_CONSTANT_CONVERSION = YES;
				CLANG_WARN_DEPRECATED_OBJC_IMPLEMENTATIONS = YES;
				CLANG_WARN_DIRECT_OBJC_ISA_USAGE = YES_ERROR;
				CLANG_WARN_DOCUMENTATION_COMMENTS = YES;
				CLANG_WARN_EMPTY_BODY = YES;
				CLANG_WARN_ENUM_CONVERSION = YES;
				CLANG_WARN_INFINITE_RECURSION = YES;
				CLANG_WARN_INT_CONVERSION = YES;
				CLANG_WARN_NON_LITERAL_NULL_CONVERSION = YES;
				CLANG_WARN_OBJC_IMPLICIT_RETAIN_SELF = YES;
				CLANG_WARN_OBJC_LITERAL_CONVERSION = YES;
				CLANG_WARN_OBJC_ROOT_CLASS = YES_ERROR;
				CLANG_WARN_QUOTED_INCLUDE_IN_FRAMEWORK_HEADER = YES;
				CLANG_WARN_RANGE_LOOP_ANALYSIS = YES;
				CLANG_WARN_STRICT_PROTOTYPES = YES;
				CLANG_WARN_SUSPICIOUS_MOVE = YES;
				CLANG_WARN_UNGUARDED_AVAILABILITY = YES_AGGRESSIVE;
				CLANG_WARN_UNREACHABLE_CODE = YES;
				CLANG_WARN__DUPLICATE_METHOD_MATCH = YES;
				COPY_PHASE_STRIP = NO;
				DEBUG_INFORMATION_FORMAT = "dwarf-with-dsym";
				ENABLE_NS_ASSERTIONS = NO;
				ENABLE_STRICT_OBJC_MSGSEND = YES;
				GCC_C_LANGUAGE_STANDARD = gnu11;
				GCC_NO_COMMON_BLOCKS = YES;
				GCC_WARN_64_TO_32_BIT_CONVERSION = YES;
				GCC_WARN_ABOUT_RETURN_TYPE = YES_ERROR;
				GCC_WARN_UNDECLARED_SELECTOR = YES;
				GCC_WARN_UNINITIALIZED_AUTOS = YES_AGGRESSIVE;
				GCC_WARN_UNUSED_FUNCTION = YES;
				GCC_WARN_UNUSED_VARIABLE = YES;
				IPHONEOS_DEPLOYMENT_TARGET = 14.5;
				MTL_ENABLE_DEBUG_INFO = NO;
				MTL_FAST_MATH = YES;
				SDKROOT = iphoneos;
				SWIFT_COMPILATION_MODE = wholemodule;
				SWIFT_OPTIMIZATION_LEVEL = "-O";
				VALIDATE_PRODUCT = YES;
			};
			name = Release;
		};
		B1EE433B26BA6372006A0A82 /* Debug */ = {
			isa = XCBuildConfiguration;
			buildSettings = {
				ASSETCATALOG_COMPILER_APPICON_NAME = AppIcon;
				ASSETCATALOG_COMPILER_GLOBAL_ACCENT_COLOR_NAME = AccentColor;
				CODE_SIGN_STYLE = Automatic;
				INFOPLIST_FILE = HelloWorld/Info.plist;
				LD_RUNPATH_SEARCH_PATHS = (
					"$(inherited)",
					"@executable_path/Frameworks",
				);
				PRODUCT_BUNDLE_IDENTIFIER = com.sunghyun.HelloWorld;
				PRODUCT_NAME = "$(TARGET_NAME)";
				SWIFT_VERSION = 5.0;
				TARGETED_DEVICE_FAMILY = "1,2";
			};
			name = Debug;
		};
		B1EE433C26BA6372006A0A82 /* Release */ = {
			isa = XCBuildConfiguration;
			buildSettings = {
				ASSETCATALOG_COMPILER_APPICON_NAME = AppIcon;
				ASSETCATALOG_COMPILER_GLOBAL_ACCENT_COLOR_NAME = AccentColor;
				CODE_SIGN_STYLE = Automatic;
				INFOPLIST_FILE = HelloWorld/Info.plist;
				LD_RUNPATH_SEARCH_PATHS = (
					"$(inherited)",
					"@executable_path/Frameworks",
				);
				PRODUCT_BUNDLE_IDENTIFIER = com.sunghyun.HelloWorld;
				PRODUCT_NAME = "$(TARGET_NAME)";
				SWIFT_VERSION = 5.0;
				TARGETED_DEVICE_FAMILY = "1,2";
			};
			name = Release;
		};
		B1EE433E26BA6372006A0A82 /* Debug */ = {
			isa = XCBuildConfiguration;
			buildSettings = {
				ALWAYS_EMBED_SWIFT_STANDARD_LIBRARIES = YES;
				BUNDLE_LOADER = "$(TEST_HOST)";
				CODE_SIGN_STYLE = Automatic;
				INFOPLIST_FILE = HelloWorldTests/Info.plist;
				IPHONEOS_DEPLOYMENT_TARGET = 14.5;
				LD_RUNPATH_SEARCH_PATHS = (
					"$(inherited)",
					"@executable_path/Frameworks",
					"@loader_path/Frameworks",
				);
				PRODUCT_BUNDLE_IDENTIFIER = com.sunghyun.HelloWorldTests;
				PRODUCT_NAME = "$(TARGET_NAME)";
				SWIFT_VERSION = 5.0;
				TARGETED_DEVICE_FAMILY = "1,2";
				TEST_HOST = "$(BUILT_PRODUCTS_DIR)/HelloWorld.app/HelloWorld";
			};
			name = Debug;
		};
		B1EE433F26BA6372006A0A82 /* Release */ = {
			isa = XCBuildConfiguration;
			buildSettings = {
				ALWAYS_EMBED_SWIFT_STANDARD_LIBRARIES = YES;
				BUNDLE_LOADER = "$(TEST_HOST)";
				CODE_SIGN_STYLE = Automatic;
				INFOPLIST_FILE = HelloWorldTests/Info.plist;
				IPHONEOS_DEPLOYMENT_TARGET = 14.5;
				LD_RUNPATH_SEARCH_PATHS = (
					"$(inherited)",
					"@executable_path/Frameworks",
					"@loader_path/Frameworks",
				);
				PRODUCT_BUNDLE_IDENTIFIER = com.sunghyun.HelloWorldTests;
				PRODUCT_NAME = "$(TARGET_NAME)";
				SWIFT_VERSION = 5.0;
				TARGETED_DEVICE_FAMILY = "1,2";
				TEST_HOST = "$(BUILT_PRODUCTS_DIR)/HelloWorld.app/HelloWorld";
			};
			name = Release;
		};
		B1EE434126BA6372006A0A82 /* Debug */ = {
			isa = XCBuildConfiguration;
			buildSettings = {
				ALWAYS_EMBED_SWIFT_STANDARD_LIBRARIES = YES;
				CODE_SIGN_STYLE = Automatic;
				INFOPLIST_FILE = HelloWorldUITests/Info.plist;
				LD_RUNPATH_SEARCH_PATHS = (
					"$(inherited)",
					"@executable_path/Frameworks",
					"@loader_path/Frameworks",
				);
				PRODUCT_BUNDLE_IDENTIFIER = com.sunghyun.HelloWorldUITests;
				PRODUCT_NAME = "$(TARGET_NAME)";
				SWIFT_VERSION = 5.0;
				TARGETED_DEVICE_FAMILY = "1,2";
				TEST_TARGET_NAME = HelloWorld;
			};
			name = Debug;
		};
		B1EE434226BA6372006A0A82 /* Release */ = {
			isa = XCBuildConfiguration;
			buildSettings = {
				ALWAYS_EMBED_SWIFT_STANDARD_LIBRARIES = YES;
				CODE_SIGN_STYLE = Automatic;
				INFOPLIST_FILE = HelloWorldUITests/Info.plist;
				LD_RUNPATH_SEARCH_PATHS = (
					"$(inherited)",
					"@executable_path/Frameworks",
					"@loader_path/Frameworks",
				);
				PRODUCT_BUNDLE_IDENTIFIER = com.sunghyun.HelloWorldUITests;
				PRODUCT_NAME = "$(TARGET_NAME)";
				SWIFT_VERSION = 5.0;
				TARGETED_DEVICE_FAMILY = "1,2";
				TEST_TARGET_NAME = HelloWorld;
			};
			name = Release;
		};
/* End XCBuildConfiguration section */

/* Begin XCConfigurationList section */
		B1EE430B26BA6371006A0A82 /* Build configuration list for PBXProject "HelloWorld" */ = {
			isa = XCConfigurationList;
			buildConfigurations = (
				B1EE433826BA6372006A0A82 /* Debug */,
				B1EE433926BA6372006A0A82 /* Release */,
			);
			defaultConfigurationIsVisible = 0;
			defaultConfigurationName = Release;
		};
		B1EE433A26BA6372006A0A82 /* Build configuration list for PBXNativeTarget "HelloWorld" */ = {
			isa = XCConfigurationList;
			buildConfigurations = (
				B1EE433B26BA6372006A0A82 /* Debug */,
				B1EE433C26BA6372006A0A82 /* Release */,
			);
			defaultConfigurationIsVisible = 0;
			defaultConfigurationName = Release;
		};
		B1EE433D26BA6372006A0A82 /* Build configuration list for PBXNativeTarget "HelloWorldTests" */ = {
			isa = XCConfigurationList;
			buildConfigurations = (
				B1EE433E26BA6372006A0A82 /* Debug */,
				B1EE433F26BA6372006A0A82 /* Release */,
			);
			defaultConfigurationIsVisible = 0;
			defaultConfigurationName = Release;
		};
		B1EE434026BA6372006A0A82 /* Build configuration list for PBXNativeTarget "HelloWorldUITests" */ = {
			isa = XCConfigurationList;
			buildConfigurations = (
				B1EE434126BA6372006A0A82 /* Debug */,
				B1EE434226BA6372006A0A82 /* Release */,
			);
			defaultConfigurationIsVisible = 0;
			defaultConfigurationName = Release;
		};
/* End XCConfigurationList section */
	};
	rootObject = B1EE430826BA6371006A0A82 /* Project object */;
}
